// !$*UTF8*$!
{
	archiveVersion = 1;
	classes = {
	};
	objectVersion = 51;
	objects = {

/* Begin PBXBuildFile section */
		4E4EF2AD7AAEA6D3BC8E37F2 /* Pods_CoreML_ImageDetector.framework in Frameworks */ = {isa = PBXBuildFile; fileRef = 98C5CD9573A41477CC460950 /* Pods_CoreML_ImageDetector.framework */; };
		E671ADD0256A861C00088513 /* NetworkManager.swift in Sources */ = {isa = PBXBuildFile; fileRef = E671ADCF256A861C00088513 /* NetworkManager.swift */; };
		E69AC49A256C0EBD00401B95 /* StartVC.swift in Sources */ = {isa = PBXBuildFile; fileRef = E69AC499256C0EBD00401B95 /* StartVC.swift */; };
		E69AC49D256C0F6700401B95 /* ObjectDetectionVC.swift in Sources */ = {isa = PBXBuildFile; fileRef = E69AC49C256C0F6700401B95 /* ObjectDetectionVC.swift */; };
		E69AC4A4256C15AE00401B95 /* BoundingBoxView.swift in Sources */ = {isa = PBXBuildFile; fileRef = E69AC4A3256C15AE00401B95 /* BoundingBoxView.swift */; };
		E69AC4A9256C15E400401B95 /* VNRecognizedObjectObservationExtension.swift in Sources */ = {isa = PBXBuildFile; fileRef = E69AC4A8256C15E400401B95 /* VNRecognizedObjectObservationExtension.swift */; };
		E69AC4AE256C162200401B95 /* VideoCapture.swift in Sources */ = {isa = PBXBuildFile; fileRef = E69AC4AD256C162200401B95 /* VideoCapture.swift */; };
		E69AC4B1256C17DF00401B95 /* YOLOv3Tiny.mlmodel in Sources */ = {isa = PBXBuildFile; fileRef = E69AC4B0256C17DF00401B95 /* YOLOv3Tiny.mlmodel */; };
		E6D97B7A256978AF008C5A91 /* AppDelegate.swift in Sources */ = {isa = PBXBuildFile; fileRef = E6D97B79256978AF008C5A91 /* AppDelegate.swift */; };
		E6D97B7C256978AF008C5A91 /* SceneDelegate.swift in Sources */ = {isa = PBXBuildFile; fileRef = E6D97B7B256978AF008C5A91 /* SceneDelegate.swift */; };
		E6D97B81256978AF008C5A91 /* Main.storyboard in Resources */ = {isa = PBXBuildFile; fileRef = E6D97B7F256978AF008C5A91 /* Main.storyboard */; };
		E6D97B83256978AF008C5A91 /* Assets.xcassets in Resources */ = {isa = PBXBuildFile; fileRef = E6D97B82256978AF008C5A91 /* Assets.xcassets */; };
		E6D97B86256978AF008C5A91 /* LaunchScreen.storyboard in Resources */ = {isa = PBXBuildFile; fileRef = E6D97B84256978AF008C5A91 /* LaunchScreen.storyboard */; };
		E6D97B92256978D3008C5A91 /* Inceptionv3.mlmodel in Sources */ = {isa = PBXBuildFile; fileRef = E6D97B91256978D3008C5A91 /* Inceptionv3.mlmodel */; };
		E6D97B98256979E5008C5A91 /* ImageRecognitionVC.swift in Sources */ = {isa = PBXBuildFile; fileRef = E6D97B97256979E5008C5A91 /* ImageRecognitionVC.swift */; };
		E6D97B9C25697BEB008C5A91 /* MoreVC.swift in Sources */ = {isa = PBXBuildFile; fileRef = E6D97B9B25697BEB008C5A91 /* MoreVC.swift */; };
/* End PBXBuildFile section */

/* Begin PBXFileReference section */
		025B8953194CABF0F7E4F1CA /* Pods-CoreML-ImageDetector.debug.xcconfig */ = {isa = PBXFileReference; includeInIndex = 1; lastKnownFileType = text.xcconfig; name = "Pods-CoreML-ImageDetector.debug.xcconfig"; path = "Target Support Files/Pods-CoreML-ImageDetector/Pods-CoreML-ImageDetector.debug.xcconfig"; sourceTree = "<group>"; };
		98C5CD9573A41477CC460950 /* Pods_CoreML_ImageDetector.framework */ = {isa = PBXFileReference; explicitFileType = wrapper.framework; includeInIndex = 0; path = Pods_CoreML_ImageDetector.framework; sourceTree = BUILT_PRODUCTS_DIR; };
		B8F49B0043D3597B0ECFBEE0 /* Pods-CoreML-ImageDetector.release.xcconfig */ = {isa = PBXFileReference; includeInIndex = 1; lastKnownFileType = text.xcconfig; name = "Pods-CoreML-ImageDetector.release.xcconfig"; path = "Target Support Files/Pods-CoreML-ImageDetector/Pods-CoreML-ImageDetector.release.xcconfig"; sourceTree = "<group>"; };
		E671ADCF256A861C00088513 /* NetworkManager.swift */ = {isa = PBXFileReference; lastKnownFileType = sourcecode.swift; path = NetworkManager.swift; sourceTree = "<group>"; };
		E69AC499256C0EBD00401B95 /* StartVC.swift */ = {isa = PBXFileReference; lastKnownFileType = sourcecode.swift; path = StartVC.swift; sourceTree = "<group>"; };
		E69AC49C256C0F6700401B95 /* ObjectDetectionVC.swift */ = {isa = PBXFileReference; lastKnownFileType = sourcecode.swift; path = ObjectDetectionVC.swift; sourceTree = "<group>"; };
		E69AC4A3256C15AE00401B95 /* BoundingBoxView.swift */ = {isa = PBXFileReference; lastKnownFileType = sourcecode.swift; path = BoundingBoxView.swift; sourceTree = "<group>"; };
		E69AC4A8256C15E400401B95 /* VNRecognizedObjectObservationExtension.swift */ = {isa = PBXFileReference; lastKnownFileType = sourcecode.swift; path = VNRecognizedObjectObservationExtension.swift; sourceTree = "<group>"; };
		E69AC4AD256C162200401B95 /* VideoCapture.swift */ = {isa = PBXFileReference; lastKnownFileType = sourcecode.swift; path = VideoCapture.swift; sourceTree = "<group>"; };
		E69AC4B0256C17DF00401B95 /* YOLOv3Tiny.mlmodel */ = {isa = PBXFileReference; lastKnownFileType = file.mlmodel; path = YOLOv3Tiny.mlmodel; sourceTree = "<group>"; };
		E6D97B76256978AF008C5A91 /* CoreML-ImageDetector.app */ = {isa = PBXFileReference; explicitFileType = wrapper.application; includeInIndex = 0; path = "CoreML-ImageDetector.app"; sourceTree = BUILT_PRODUCTS_DIR; };
		E6D97B79256978AF008C5A91 /* AppDelegate.swift */ = {isa = PBXFileReference; lastKnownFileType = sourcecode.swift; path = AppDelegate.swift; sourceTree = "<group>"; };
		E6D97B7B256978AF008C5A91 /* SceneDelegate.swift */ = {isa = PBXFileReference; lastKnownFileType = sourcecode.swift; path = SceneDelegate.swift; sourceTree = "<group>"; };
		E6D97B80256978AF008C5A91 /* Base */ = {isa = PBXFileReference; lastKnownFileType = file.storyboard; name = Base; path = Base.lproj/Main.storyboard; sourceTree = "<group>"; };
		E6D97B82256978AF008C5A91 /* Assets.xcassets */ = {isa = PBXFileReference; lastKnownFileType = folder.assetcatalog; path = Assets.xcassets; sourceTree = "<group>"; };
		E6D97B85256978AF008C5A91 /* Base */ = {isa = PBXFileReference; lastKnownFileType = file.storyboard; name = Base; path = Base.lproj/LaunchScreen.storyboard; sourceTree = "<group>"; };
		E6D97B87256978AF008C5A91 /* Info.plist */ = {isa = PBXFileReference; lastKnownFileType = text.plist.xml; path = Info.plist; sourceTree = "<group>"; };
		E6D97B91256978D3008C5A91 /* Inceptionv3.mlmodel */ = {isa = PBXFileReference; lastKnownFileType = file.mlmodel; path = Inceptionv3.mlmodel; sourceTree = "<group>"; };
		E6D97B97256979E5008C5A91 /* ImageRecognitionVC.swift */ = {isa = PBXFileReference; lastKnownFileType = sourcecode.swift; path = ImageRecognitionVC.swift; sourceTree = "<group>"; };
		E6D97B9B25697BEB008C5A91 /* MoreVC.swift */ = {isa = PBXFileReference; lastKnownFileType = sourcecode.swift; path = MoreVC.swift; sourceTree = "<group>"; };
/* End PBXFileReference section */

/* Begin PBXFrameworksBuildPhase section */
		E6D97B73256978AF008C5A91 /* Frameworks */ = {
			isa = PBXFrameworksBuildPhase;
			buildActionMask = 2147483647;
			files = (
				4E4EF2AD7AAEA6D3BC8E37F2 /* Pods_CoreML_ImageDetector.framework in Frameworks */,
			);
			runOnlyForDeploymentPostprocessing = 0;
		};
/* End PBXFrameworksBuildPhase section */

/* Begin PBXGroup section */
		5DBB25E8FCB1E6D2F12C5041 /* Frameworks */ = {
			isa = PBXGroup;
			children = (
				98C5CD9573A41477CC460950 /* Pods_CoreML_ImageDetector.framework */,
			);
			name = Frameworks;
			sourceTree = "<group>";
		};
		E1F7D9479AB9243DDAB951E0 /* Pods */ = {
			isa = PBXGroup;
			children = (
				025B8953194CABF0F7E4F1CA /* Pods-CoreML-ImageDetector.debug.xcconfig */,
				B8F49B0043D3597B0ECFBEE0 /* Pods-CoreML-ImageDetector.release.xcconfig */,
			);
			path = Pods;
			sourceTree = "<group>";
		};
		E671ADCE256A860C00088513 /* Manager */ = {
			isa = PBXGroup;
			children = (
				E671ADCF256A861C00088513 /* NetworkManager.swift */,
			);
			path = Manager;
			sourceTree = "<group>";
		};
		E69AC4A2256C159400401B95 /* Custom */ = {
			isa = PBXGroup;
			children = (
				E69AC4A3256C15AE00401B95 /* BoundingBoxView.swift */,
			);
			path = Custom;
			sourceTree = "<group>";
		};
		E69AC4A7256C15CC00401B95 /* Extension */ = {
			isa = PBXGroup;
			children = (
				E69AC4A8256C15E400401B95 /* VNRecognizedObjectObservationExtension.swift */,
			);
			path = Extension;
			sourceTree = "<group>";
		};
		E69AC4AC256C160300401B95 /* Helper */ = {
			isa = PBXGroup;
			children = (
				E69AC4AD256C162200401B95 /* VideoCapture.swift */,
			);
			path = Helper;
			sourceTree = "<group>";
		};
		E6D97B6D256978AF008C5A91 = {
			isa = PBXGroup;
			children = (
				E6D97B78256978AF008C5A91 /* CoreML-ImageDetector */,
				E6D97B77256978AF008C5A91 /* Products */,
				E1F7D9479AB9243DDAB951E0 /* Pods */,
				5DBB25E8FCB1E6D2F12C5041 /* Frameworks */,
			);
			sourceTree = "<group>";
		};
		E6D97B77256978AF008C5A91 /* Products */ = {
			isa = PBXGroup;
			children = (
				E6D97B76256978AF008C5A91 /* CoreML-ImageDetector.app */,
			);
			name = Products;
			sourceTree = "<group>";
		};
		E6D97B78256978AF008C5A91 /* CoreML-ImageDetector */ = {
			isa = PBXGroup;
			children = (
				E69AC4AC256C160300401B95 /* Helper */,
				E69AC4A7256C15CC00401B95 /* Extension */,
				E671ADCE256A860C00088513 /* Manager */,
				E6D97B90256978C1008C5A91 /* Controller */,
				E6D97B8F256978BD008C5A91 /* View */,
				E6D97B8E256978B5008C5A91 /* Model */,
				E6D97B79256978AF008C5A91 /* AppDelegate.swift */,
				E6D97B7B256978AF008C5A91 /* SceneDelegate.swift */,
				E6D97B82256978AF008C5A91 /* Assets.xcassets */,
				E6D97B84256978AF008C5A91 /* LaunchScreen.storyboard */,
				E6D97B87256978AF008C5A91 /* Info.plist */,
			);
			path = "CoreML-ImageDetector";
			sourceTree = "<group>";
		};
		E6D97B8E256978B5008C5A91 /* Model */ = {
			isa = PBXGroup;
			children = (
				E69AC4B0256C17DF00401B95 /* YOLOv3Tiny.mlmodel */,
				E6D97B91256978D3008C5A91 /* Inceptionv3.mlmodel */,
			);
			path = Model;
			sourceTree = "<group>";
		};
		E6D97B8F256978BD008C5A91 /* View */ = {
			isa = PBXGroup;
			children = (
				E69AC4A2256C159400401B95 /* Custom */,
				E6D97B7F256978AF008C5A91 /* Main.storyboard */,
			);
			path = View;
			sourceTree = "<group>";
		};
		E6D97B90256978C1008C5A91 /* Controller */ = {
			isa = PBXGroup;
			children = (
				E69AC499256C0EBD00401B95 /* StartVC.swift */,
				E69AC49C256C0F6700401B95 /* ObjectDetectionVC.swift */,
				E6D97B97256979E5008C5A91 /* ImageRecognitionVC.swift */,
				E6D97B9B25697BEB008C5A91 /* MoreVC.swift */,
			);
			path = Controller;
			sourceTree = "<group>";
		};
/* End PBXGroup section */

/* Begin PBXNativeTarget section */
		E6D97B75256978AF008C5A91 /* CoreML-ImageDetector */ = {
			isa = PBXNativeTarget;
			buildConfigurationList = E6D97B8A256978AF008C5A91 /* Build configuration list for PBXNativeTarget "CoreML-ImageDetector" */;
			buildPhases = (
				110E12E70E074D0216F8E400 /* [CP] Check Pods Manifest.lock */,
				E6D97B72256978AF008C5A91 /* Sources */,
				E6D97B73256978AF008C5A91 /* Frameworks */,
				E6D97B74256978AF008C5A91 /* Resources */,
				A152708C746E203A1A76551C /* [CP] Embed Pods Frameworks */,
			);
			buildRules = (
			);
			dependencies = (
			);
			name = "CoreML-ImageDetector";
			productName = "CoreML-ImageDetector";
			productReference = E6D97B76256978AF008C5A91 /* CoreML-ImageDetector.app */;
			productType = "com.apple.product-type.application";
		};
/* End PBXNativeTarget section */

/* Begin PBXProject section */
		E6D97B6E256978AF008C5A91 /* Project object */ = {
			isa = PBXProject;
			attributes = {
				LastSwiftUpdateCheck = 1210;
				LastUpgradeCheck = 1210;
				TargetAttributes = {
					E6D97B75256978AF008C5A91 = {
						CreatedOnToolsVersion = 12.1;
					};
				};
			};
			buildConfigurationList = E6D97B71256978AF008C5A91 /* Build configuration list for PBXProject "CoreML-ImageDetector" */;
			compatibilityVersion = "Xcode 9.3";
			developmentRegion = en;
			hasScannedForEncodings = 0;
			knownRegions = (
				en,
				Base,
			);
			mainGroup = E6D97B6D256978AF008C5A91;
			productRefGroup = E6D97B77256978AF008C5A91 /* Products */;
			projectDirPath = "";
			projectRoot = "";
			targets = (
				E6D97B75256978AF008C5A91 /* CoreML-ImageDetector */,
			);
		};
/* End PBXProject section */

/* Begin PBXResourcesBuildPhase section */
		E6D97B74256978AF008C5A91 /* Resources */ = {
			isa = PBXResourcesBuildPhase;
			buildActionMask = 2147483647;
			files = (
				E6D97B86256978AF008C5A91 /* LaunchScreen.storyboard in Resources */,
				E6D97B83256978AF008C5A91 /* Assets.xcassets in Resources */,
				E6D97B81256978AF008C5A91 /* Main.storyboard in Resources */,
			);
			runOnlyForDeploymentPostprocessing = 0;
		};
/* End PBXResourcesBuildPhase section */

/* Begin PBXShellScriptBuildPhase section */
		110E12E70E074D0216F8E400 /* [CP] Check Pods Manifest.lock */ = {
			isa = PBXShellScriptBuildPhase;
			buildActionMask = 2147483647;
			files = (
			);
			inputFileListPaths = (
			);
			inputPaths = (
				"${PODS_PODFILE_DIR_PATH}/Podfile.lock",
				"${PODS_ROOT}/Manifest.lock",
			);
			name = "[CP] Check Pods Manifest.lock";
			outputFileListPaths = (
			);
			outputPaths = (
				"$(DERIVED_FILE_DIR)/Pods-CoreML-ImageDetector-checkManifestLockResult.txt",
			);
			runOnlyForDeploymentPostprocessing = 0;
			shellPath = /bin/sh;
			shellScript = "diff \"${PODS_PODFILE_DIR_PATH}/Podfile.lock\" \"${PODS_ROOT}/Manifest.lock\" > /dev/null\nif [ $? != 0 ] ; then\n    # print error to STDERR\n    echo \"error: The sandbox is not in sync with the Podfile.lock. Run 'pod install' or update your CocoaPods installation.\" >&2\n    exit 1\nfi\n# This output is used by Xcode 'outputs' to avoid re-running this script phase.\necho \"SUCCESS\" > \"${SCRIPT_OUTPUT_FILE_0}\"\n";
			showEnvVarsInLog = 0;
		};
		A152708C746E203A1A76551C /* [CP] Embed Pods Frameworks */ = {
			isa = PBXShellScriptBuildPhase;
			buildActionMask = 2147483647;
			files = (
			);
			inputFileListPaths = (
				"${PODS_ROOT}/Target Support Files/Pods-CoreML-ImageDetector/Pods-CoreML-ImageDetector-frameworks-${CONFIGURATION}-input-files.xcfilelist",
			);
			name = "[CP] Embed Pods Frameworks";
			outputFileListPaths = (
				"${PODS_ROOT}/Target Support Files/Pods-CoreML-ImageDetector/Pods-CoreML-ImageDetector-frameworks-${CONFIGURATION}-output-files.xcfilelist",
			);
			runOnlyForDeploymentPostprocessing = 0;
			shellPath = /bin/sh;
			shellScript = "\"${PODS_ROOT}/Target Support Files/Pods-CoreML-ImageDetector/Pods-CoreML-ImageDetector-frameworks.sh\"\n";
			showEnvVarsInLog = 0;
		};
/* End PBXShellScriptBuildPhase section */

/* Begin PBXSourcesBuildPhase section */
		E6D97B72256978AF008C5A91 /* Sources */ = {
			isa = PBXSourcesBuildPhase;
			buildActionMask = 2147483647;
			files = (
				E671ADD0256A861C00088513 /* NetworkManager.swift in Sources */,
				E6D97B92256978D3008C5A91 /* Inceptionv3.mlmodel in Sources */,
				E6D97B98256979E5008C5A91 /* ImageRecognitionVC.swift in Sources */,
				E6D97B7A256978AF008C5A91 /* AppDelegate.swift in Sources */,
				E69AC49D256C0F6700401B95 /* ObjectDetectionVC.swift in Sources */,
				E69AC4AE256C162200401B95 /* VideoCapture.swift in Sources */,
				E69AC4A9256C15E400401B95 /* VNRecognizedObjectObservationExtension.swift in Sources */,
				E6D97B7C256978AF008C5A91 /* SceneDelegate.swift in Sources */,
				E6D97B9C25697BEB008C5A91 /* MoreVC.swift in Sources */,
				E69AC49A256C0EBD00401B95 /* StartVC.swift in Sources */,
				E69AC4B1256C17DF00401B95 /* YOLOv3Tiny.mlmodel in Sources */,
				E69AC4A4256C15AE00401B95 /* BoundingBoxView.swift in Sources */,
			);
			runOnlyForDeploymentPostprocessing = 0;
		};
/* End PBXSourcesBuildPhase section */

/* Begin PBXVariantGroup section */
		E6D97B7F256978AF008C5A91 /* Main.storyboard */ = {
			isa = PBXVariantGroup;
			children = (
				E6D97B80256978AF008C5A91 /* Base */,
			);
			name = Main.storyboard;
			sourceTree = "<group>";
		};
		E6D97B84256978AF008C5A91 /* LaunchScreen.storyboard */ = {
			isa = PBXVariantGroup;
			children = (
				E6D97B85256978AF008C5A91 /* Base */,
			);
			name = LaunchScreen.storyboard;
			sourceTree = "<group>";
		};
/* End PBXVariantGroup section */

/* Begin XCBuildConfiguration section */
		E6D97B88256978AF008C5A91 /* Debug */ = {
			isa = XCBuildConfiguration;
			buildSettings = {
				ALWAYS_SEARCH_USER_PATHS = NO;
				CLANG_ANALYZER_NONNULL = YES;
				CLANG_ANALYZER_NUMBER_OBJECT_CONVERSION = YES_AGGRESSIVE;
				CLANG_CXX_LANGUAGE_STANDARD = "gnu++14";
				CLANG_CXX_LIBRARY = "libc++";
				CLANG_ENABLE_MODULES = YES;
				CLANG_ENABLE_OBJC_ARC = YES;
				CLANG_ENABLE_OBJC_WEAK = YES;
				CLANG_WARN_BLOCK_CAPTURE_AUTORELEASING = YES;
				CLANG_WARN_BOOL_CONVERSION = YES;
				CLANG_WARN_COMMA = YES;
				CLANG_WARN_CONSTANT_CONVERSION = YES;
				CLANG_WARN_DEPRECATED_OBJC_IMPLEMENTATIONS = YES;
				CLANG_WARN_DIRECT_OBJC_ISA_USAGE = YES_ERROR;
				CLANG_WARN_DOCUMENTATION_COMMENTS = YES;
				CLANG_WARN_EMPTY_BODY = YES;
				CLANG_WARN_ENUM_CONVERSION = YES;
				CLANG_WARN_INFINITE_RECURSION = YES;
				CLANG_WARN_INT_CONVERSION = YES;
				CLANG_WARN_NON_LITERAL_NULL_CONVERSION = YES;
				CLANG_WARN_OBJC_IMPLICIT_RETAIN_SELF = YES;
				CLANG_WARN_OBJC_LITERAL_CONVERSION = YES;
				CLANG_WARN_OBJC_ROOT_CLASS = YES_ERROR;
				CLANG_WARN_QUOTED_INCLUDE_IN_FRAMEWORK_HEADER = YES;
				CLANG_WARN_RANGE_LOOP_ANALYSIS = YES;
				CLANG_WARN_STRICT_PROTOTYPES = YES;
				CLANG_WARN_SUSPICIOUS_MOVE = YES;
				CLANG_WARN_UNGUARDED_AVAILABILITY = YES_AGGRESSIVE;
				CLANG_WARN_UNREACHABLE_CODE = YES;
				CLANG_WARN__DUPLICATE_METHOD_MATCH = YES;
				COPY_PHASE_STRIP = NO;
				DEBUG_INFORMATION_FORMAT = dwarf;
				ENABLE_STRICT_OBJC_MSGSEND = YES;
				ENABLE_TESTABILITY = YES;
				GCC_C_LANGUAGE_STANDARD = gnu11;
				GCC_DYNAMIC_NO_PIC = NO;
				GCC_NO_COMMON_BLOCKS = YES;
				GCC_OPTIMIZATION_LEVEL = 0;
				GCC_PREPROCESSOR_DEFINITIONS = (
					"DEBUG=1",
					"$(inherited)",
				);
				GCC_WARN_64_TO_32_BIT_CONVERSION = YES;
				GCC_WARN_ABOUT_RETURN_TYPE = YES_ERROR;
				GCC_WARN_UNDECLARED_SELECTOR = YES;
				GCC_WARN_UNINITIALIZED_AUTOS = YES_AGGRESSIVE;
				GCC_WARN_UNUSED_FUNCTION = YES;
				GCC_WARN_UNUSED_VARIABLE = YES;
				IPHONEOS_DEPLOYMENT_TARGET = 14.1;
				MTL_ENABLE_DEBUG_INFO = INCLUDE_SOURCE;
				MTL_FAST_MATH = YES;
				ONLY_ACTIVE_ARCH = YES;
				SDKROOT = iphoneos;
				SWIFT_ACTIVE_COMPILATION_CONDITIONS = DEBUG;
				SWIFT_OPTIMIZATION_LEVEL = "-Onone";
			};
			name = Debug;
		};
		E6D97B89256978AF008C5A91 /* Release */ = {
			isa = XCBuildConfiguration;
			buildSettings = {
				ALWAYS_SEARCH_USER_PATHS = NO;
				CLANG_ANALYZER_NONNULL = YES;
				CLANG_ANALYZER_NUMBER_OBJECT_CONVERSION = YES_AGGRESSIVE;
				CLANG_CXX_LANGUAGE_STANDARD = "gnu++14";
				CLANG_CXX_LIBRARY = "libc++";
				CLANG_ENABLE_MODULES = YES;
				CLANG_ENABLE_OBJC_ARC = YES;
				CLANG_ENABLE_OBJC_WEAK = YES;
				CLANG_WARN_BLOCK_CAPTURE_AUTORELEASING = YES;
				CLANG_WARN_BOOL_CONVERSION = YES;
				CLANG_WARN_COMMA = YES;
				CLANG_WARN_CONSTANT_CONVERSION = YES;
				CLANG_WARN_DEPRECATED_OBJC_IMPLEMENTATIONS = YES;
				CLANG_WARN_DIRECT_OBJC_ISA_USAGE = YES_ERROR;
				CLANG_WARN_DOCUMENTATION_COMMENTS = YES;
				CLANG_WARN_EMPTY_BODY = YES;
				CLANG_WARN_ENUM_CONVERSION = YES;
				CLANG_WARN_INFINITE_RECURSION = YES;
				CLANG_WARN_INT_CONVERSION = YES;
				CLANG_WARN_NON_LITERAL_NULL_CONVERSION = YES;
				CLANG_WARN_OBJC_IMPLICIT_RETAIN_SELF = YES;
				CLANG_WARN_OBJC_LITERAL_CONVERSION = YES;
				CLANG_WARN_OBJC_ROOT_CLASS = YES_ERROR;
				CLANG_WARN_QUOTED_INCLUDE_IN_FRAMEWORK_HEADER = YES;
				CLANG_WARN_RANGE_LOOP_ANALYSIS = YES;
				CLANG_WARN_STRICT_PROTOTYPES = YES;
				CLANG_WARN_SUSPICIOUS_MOVE = YES;
				CLANG_WARN_UNGUARDED_AVAILABILITY = YES_AGGRESSIVE;
				CLANG_WARN_UNREACHABLE_CODE = YES;
				CLANG_WARN__DUPLICATE_METHOD_MATCH = YES;
				COPY_PHASE_STRIP = NO;
				DEBUG_INFORMATION_FORMAT = "dwarf-with-dsym";
				ENABLE_NS_ASSERTIONS = NO;
				ENABLE_STRICT_OBJC_MSGSEND = YES;
				GCC_C_LANGUAGE_STANDARD = gnu11;
				GCC_NO_COMMON_BLOCKS = YES;
				GCC_WARN_64_TO_32_BIT_CONVERSION = YES;
				GCC_WARN_ABOUT_RETURN_TYPE = YES_ERROR;
				GCC_WARN_UNDECLARED_SELECTOR = YES;
				GCC_WARN_UNINITIALIZED_AUTOS = YES_AGGRESSIVE;
				GCC_WARN_UNUSED_FUNCTION = YES;
				GCC_WARN_UNUSED_VARIABLE = YES;
				IPHONEOS_DEPLOYMENT_TARGET = 14.1;
				MTL_ENABLE_DEBUG_INFO = NO;
				MTL_FAST_MATH = YES;
				SDKROOT = iphoneos;
				SWIFT_COMPILATION_MODE = wholemodule;
				SWIFT_OPTIMIZATION_LEVEL = "-O";
				VALIDATE_PRODUCT = YES;
			};
			name = Release;
		};
		E6D97B8B256978AF008C5A91 /* Debug */ = {
			isa = XCBuildConfiguration;
			baseConfigurationReference = 025B8953194CABF0F7E4F1CA /* Pods-CoreML-ImageDetector.debug.xcconfig */;
			buildSettings = {
				ASSETCATALOG_COMPILER_APPICON_NAME = AppIcon;
				ASSETCATALOG_COMPILER_GLOBAL_ACCENT_COLOR_NAME = AccentColor;
				CODE_SIGN_STYLE = Automatic;
				DEVELOPMENT_TEAM = "";
				INFOPLIST_FILE = "CoreML-ImageDetector/Info.plist";
				IPHONEOS_DEPLOYMENT_TARGET = 13.0;
				LD_RUNPATH_SEARCH_PATHS = (
					"$(inherited)",
					"@executable_path/Frameworks",
				);
				PRODUCT_BUNDLE_IDENTIFIER = com.mm.ObjectDetectionImageRecognition;
				PRODUCT_NAME = "$(TARGET_NAME)";
				SWIFT_VERSION = 5.0;
				TARGETED_DEVICE_FAMILY = "1,2";
			};
			name = Debug;
		};
		E6D97B8C256978AF008C5A91 /* Release */ = {
			isa = XCBuildConfiguration;
			baseConfigurationReference = B8F49B0043D3597B0ECFBEE0 /* Pods-CoreML-ImageDetector.release.xcconfig */;
			buildSettings = {
				ASSETCATALOG_COMPILER_APPICON_NAME = AppIcon;
				ASSETCATALOG_COMPILER_GLOBAL_ACCENT_COLOR_NAME = AccentColor;
				CODE_SIGN_STYLE = Automatic;
				DEVELOPMENT_TEAM = "";
				INFOPLIST_FILE = "CoreML-ImageDetector/Info.plist";
				IPHONEOS_DEPLOYMENT_TARGET = 13.0;
				LD_RUNPATH_SEARCH_PATHS = (
					"$(inherited)",
					"@executable_path/Frameworks",
				);
				PRODUCT_BUNDLE_IDENTIFIER = com.mm.ObjectDetectionImageRecognition;
				PRODUCT_NAME = "$(TARGET_NAME)";
				SWIFT_VERSION = 5.0;
				TARGETED_DEVICE_FAMILY = "1,2";
			};
			name = Release;
		};
/* End XCBuildConfiguration section */

/* Begin XCConfigurationList section */
		E6D97B71256978AF008C5A91 /* Build configuration list for PBXProject "CoreML-ImageDetector" */ = {
			isa = XCConfigurationList;
			buildConfigurations = (
				E6D97B88256978AF008C5A91 /* Debug */,
				E6D97B89256978AF008C5A91 /* Release */,
			);
			defaultConfigurationIsVisible = 0;
			defaultConfigurationName = Release;
		};
		E6D97B8A256978AF008C5A91 /* Build configuration list for PBXNativeTarget "CoreML-ImageDetector" */ = {
			isa = XCConfigurationList;
			buildConfigurations = (
				E6D97B8B256978AF008C5A91 /* Debug */,
				E6D97B8C256978AF008C5A91 /* Release */,
			);
			defaultConfigurationIsVisible = 0;
			defaultConfigurationName = Release;
		};
/* End XCConfigurationList section */
	};
	rootObject = E6D97B6E256978AF008C5A91 /* Project object */;
}
